
Microsoft Visual Studio Solution File, Format Version 12.00
# Visual Studio Version 17
VisualStudioVersion = 17.10.35027.167
MinimumVisualStudioVersion = 10.0.40219.1
Project("{9A19103F-16F7-4668-BE54-9A1E7A4F7556}") = "asp01_efc", "asp01_efc\asp01_efc.csproj", "{D549262C-1331-4068-8C37-78D45DC3E8D0}"
EndProject
Project("{9A19103F-16F7-4668-BE54-9A1E7A4F7556}") = "cs02_n2m", "cs02_n2m\cs02_n2m.csproj", "{1D0BE0B6-4710-4A66-8F90-D5C117B327D8}"
EndProject
Project("{9A19103F-16F7-4668-BE54-9A1E7A4F7556}") = "cs03_sqlite", "cs03_sqlite\cs03_sqlite.csproj", "{3A51CC85-ED41-4341-B592-65E6537B99DA}"
EndProject
Project("{9A19103F-16F7-4668-BE54-9A1E7A4F7556}") = "cs04_fluentEfc", "cs04_fluentEfc\cs04_fluentEfc.csproj", "{436D376E-88C2-4EEE-AD21-591E48F4FB15}"
EndProject
Project("{9A19103F-16F7-4668-BE54-9A1E7A4F7556}") = "cs05_dapper", "cs05_dapper\cs05_dapper.csproj", "{FA92773A-4745-4409-B2DB-273CB0C95AF0}"
EndProject
Project("{FAE04EC0-301F-11D3-BF4B-00C04F79EFBC}") = "cs06_mongo", "cs06_mongo\cs06_mongo.csproj", "{C44EE71E-19F0-4A75-8350-9699D38B915A}"
EndProject
Global
	GlobalSection(SolutionConfigurationPlatforms) = preSolution
		Debug|Any CPU = Debug|Any CPU
		Release|Any CPU = Release|Any CPU
	EndGlobalSection
	GlobalSection(ProjectConfigurationPlatforms) = postSolution
		{D549262C-1331-4068-8C37-78D45DC3E8D0}.Debug|Any CPU.ActiveCfg = Debug|Any CPU
		{D549262C-1331-4068-8C37-78D45DC3E8D0}.Debug|Any CPU.Build.0 = Debug|Any CPU
		{D549262C-1331-4068-8C37-78D45DC3E8D0}.Release|Any CPU.ActiveCfg = Release|Any CPU
		{D549262C-1331-4068-8C37-78D45DC3E8D0}.Release|Any CPU.Build.0 = Release|Any CPU
		{1D0BE0B6-4710-4A66-8F90-D5C117B327D8}.Debug|Any CPU.ActiveCfg = Debug|Any CPU
		{1D0BE0B6-4710-4A66-8F90-D5C117B327D8}.Debug|Any CPU.Build.0 = Debug|Any CPU
		{1D0BE0B6-4710-4A66-8F90-D5C117B327D8}.Release|Any CPU.ActiveCfg = Release|Any CPU
		{1D0BE0B6-4710-4A66-8F90-D5C117B327D8}.Release|Any CPU.Build.0 = Release|Any CPU
		{3A51CC85-ED41-4341-B592-65E6537B99DA}.Debug|Any CPU.ActiveCfg = Debug|Any CPU
		{3A51CC85-ED41-4341-B592-65E6537B99DA}.Debug|Any CPU.Build.0 = Debug|Any CPU
		{3A51CC85-ED41-4341-B592-65E6537B99DA}.Release|Any CPU.ActiveCfg = Release|Any CPU
		{3A51CC85-ED41-4341-B592-65E6537B99DA}.Release|Any CPU.Build.0 = Release|Any CPU
		{436D376E-88C2-4EEE-AD21-591E48F4FB15}.Debug|Any CPU.ActiveCfg = Debug|Any CPU
		{436D376E-88C2-4EEE-AD21-591E48F4FB15}.Debug|Any CPU.Build.0 = Debug|Any CPU
		{436D376E-88C2-4EEE-AD21-591E48F4FB15}.Release|Any CPU.ActiveCfg = Release|Any CPU
		{436D376E-88C2-4EEE-AD21-591E48F4FB15}.Release|Any CPU.Build.0 = Release|Any CPU
		{FA92773A-4745-4409-B2DB-273CB0C95AF0}.Debug|Any CPU.ActiveCfg = Debug|Any CPU
		{FA92773A-4745-4409-B2DB-273CB0C95AF0}.Debug|Any CPU.Build.0 = Debug|Any CPU
		{FA92773A-4745-4409-B2DB-273CB0C95AF0}.Release|Any CPU.ActiveCfg = Release|Any CPU
		{FA92773A-4745-4409-B2DB-273CB0C95AF0}.Release|Any CPU.Build.0 = Release|Any CPU
		{C44EE71E-19F0-4A75-8350-9699D38B915A}.Debug|Any CPU.ActiveCfg = Debug|Any CPU
		{C44EE71E-19F0-4A75-8350-9699D38B915A}.Debug|Any CPU.Build.0 = Debug|Any CPU
		{C44EE71E-19F0-4A75-8350-9699D38B915A}.Release|Any CPU.ActiveCfg = Release|Any CPU
		{C44EE71E-19F0-4A75-8350-9699D38B915A}.Release|Any CPU.Build.0 = Release|Any CPU
	EndGlobalSection
	GlobalSection(SolutionProperties) = preSolution
		HideSolutionNode = FALSE
	EndGlobalSection
	GlobalSection(ExtensibilityGlobals) = postSolution
		SolutionGuid = {6A353E7C-3235-4F86-919F-BA86BBAA9102}
	EndGlobalSection
EndGlobal
